
Microsoft Visual Studio Solution File, Format Version 12.00
# Visual Studio Version 17
VisualStudioVersion = 17.14.36301.6 d17.14
MinimumVisualStudioVersion = 10.0.40219.1
Project("{FAE04EC0-301F-11D3-BF4B-00C04F79EFBC}") = "Module_2", "Module_2\Module_2.csproj", "{9604B9B6-D352-4132-AFBB-5B082C24471F}"
EndProject
Global
	GlobalSection(SolutionConfigurationPlatforms) = preSolution
		Debug|Any CPU = Debug|Any CPU
		Release|Any CPU = Release|Any CPU
	EndGlobalSection
	GlobalSection(ProjectConfigurationPlatforms) = postSolution
		{9604B9B6-D352-4132-AFBB-5B082C24471F}.Debug|Any CPU.ActiveCfg = Debug|Any CPU
		{9604B9B6-D352-4132-AFBB-5B082C24471F}.Debug|Any CPU.Build.0 = Debug|Any CPU
		{9604B9B6-D352-4132-AFBB-5B082C24471F}.Release|Any CPU.ActiveCfg = Release|Any CPU
		{9604B9B6-D352-4132-AFBB-5B082C24471F}.Release|Any CPU.Build.0 = Release|Any CPU
	EndGlobalSection
	GlobalSection(SolutionProperties) = preSolution
		HideSolutionNode = FALSE
	EndGlobalSection
	GlobalSection(ExtensibilityGlobals) = postSolution
		SolutionGuid = {F17CCC02-81D2-4F54-8B84-D273938C83C4}
	EndGlobalSection
EndGlobal
