
Microsoft Visual Studio Solution File, Format Version 12.00
# Visual Studio Version 17
VisualStudioVersion = 17.14.36408.4 d17.14
MinimumVisualStudioVersion = 10.0.40219.1
Project("{FAE04EC0-301F-11D3-BF4B-00C04F79EFBC}") = "Conole_App_Core", "Conole_App_Core\Conole_App_Core.csproj", "{9AF1D73D-0C4F-45AB-9000-57B3866D139A}"
EndProject
Project("{FAE04EC0-301F-11D3-BF4B-00C04F79EFBC}") = "Console_App_Framework", "Console_App_Framework\Console_App_Framework.csproj", "{9D841FC3-5545-4B27-9F83-E27E4CCF0D86}"
EndProject
Project("{FAE04EC0-301F-11D3-BF4B-00C04F79EFBC}") = "Win_App_Core", "Win_App_Core\Win_App_Core.csproj", "{BD3D520E-224D-4B34-A1E2-F50CBAE4CC7D}"
EndProject
Project("{FAE04EC0-301F-11D3-BF4B-00C04F79EFBC}") = "Win_App_Framework", "Win_App_Framework\Win_App_Framework.csproj", "{F54AA069-D1DD-4522-8283-487AE1F72690}"
EndProject
Global
	GlobalSection(SolutionConfigurationPlatforms) = preSolution
		Debug|Any CPU = Debug|Any CPU
		Release|Any CPU = Release|Any CPU
	EndGlobalSection
	GlobalSection(ProjectConfigurationPlatforms) = postSolution
		{9AF1D73D-0C4F-45AB-9000-57B3866D139A}.Debug|Any CPU.ActiveCfg = Debug|Any CPU
		{9AF1D73D-0C4F-45AB-9000-57B3866D139A}.Debug|Any CPU.Build.0 = Debug|Any CPU
		{9AF1D73D-0C4F-45AB-9000-57B3866D139A}.Release|Any CPU.ActiveCfg = Release|Any CPU
		{9AF1D73D-0C4F-45AB-9000-57B3866D139A}.Release|Any CPU.Build.0 = Release|Any CPU
		{9D841FC3-5545-4B27-9F83-E27E4CCF0D86}.Debug|Any CPU.ActiveCfg = Debug|Any CPU
		{9D841FC3-5545-4B27-9F83-E27E4CCF0D86}.Debug|Any CPU.Build.0 = Debug|Any CPU
		{9D841FC3-5545-4B27-9F83-E27E4CCF0D86}.Release|Any CPU.ActiveCfg = Release|Any CPU
		{9D841FC3-5545-4B27-9F83-E27E4CCF0D86}.Release|Any CPU.Build.0 = Release|Any CPU
		{BD3D520E-224D-4B34-A1E2-F50CBAE4CC7D}.Debug|Any CPU.ActiveCfg = Debug|Any CPU
		{BD3D520E-224D-4B34-A1E2-F50CBAE4CC7D}.Debug|Any CPU.Build.0 = Debug|Any CPU
		{BD3D520E-224D-4B34-A1E2-F50CBAE4CC7D}.Release|Any CPU.ActiveCfg = Release|Any CPU
		{BD3D520E-224D-4B34-A1E2-F50CBAE4CC7D}.Release|Any CPU.Build.0 = Release|Any CPU
		{F54AA069-D1DD-4522-8283-487AE1F72690}.Debug|Any CPU.ActiveCfg = Debug|Any CPU
		{F54AA069-D1DD-4522-8283-487AE1F72690}.Debug|Any CPU.Build.0 = Debug|Any CPU
		{F54AA069-D1DD-4522-8283-487AE1F72690}.Release|Any CPU.ActiveCfg = Release|Any CPU
		{F54AA069-D1DD-4522-8283-487AE1F72690}.Release|Any CPU.Build.0 = Release|Any CPU
	EndGlobalSection
	GlobalSection(SolutionProperties) = preSolution
		HideSolutionNode = FALSE
	EndGlobalSection
	GlobalSection(ExtensibilityGlobals) = postSolution
		SolutionGuid = {7DA622E8-47F6-4B82-B53B-DC12C7C1840B}
	EndGlobalSection
EndGlobal
